
Microsoft Visual Studio Solution File, Format Version 12.00
# Visual Studio Version 17
VisualStudioVersion = 17.9.34728.123
MinimumVisualStudioVersion = 10.0.40219.1
Project("{9A19103F-16F7-4668-BE54-9A1E7A4F7556}") = "Concert", "Concert\Concert.csproj", "{7FE173B7-1524-4D3A-BD28-120786AA0293}"
EndProject
Project("{FAE04EC0-301F-11D3-BF4B-00C04F79EFBC}") = "ConcertRazor", "ConcertRazor\ConcertRazor.csproj", "{029B6720-CB02-47B2-B8AF-47450FD71B08}"
EndProject
Global
	GlobalSection(SolutionConfigurationPlatforms) = preSolution
		Debug|Any CPU = Debug|Any CPU
		Release|Any CPU = Release|Any CPU
	EndGlobalSection
	GlobalSection(ProjectConfigurationPlatforms) = postSolution
		{7FE173B7-1524-4D3A-BD28-120786AA0293}.Debug|Any CPU.ActiveCfg = Debug|Any CPU
		{7FE173B7-1524-4D3A-BD28-120786AA0293}.Debug|Any CPU.Build.0 = Debug|Any CPU
		{7FE173B7-1524-4D3A-BD28-120786AA0293}.Release|Any CPU.ActiveCfg = Release|Any CPU
		{7FE173B7-1524-4D3A-BD28-120786AA0293}.Release|Any CPU.Build.0 = Release|Any CPU
		{029B6720-CB02-47B2-B8AF-47450FD71B08}.Debug|Any CPU.ActiveCfg = Debug|Any CPU
		{029B6720-CB02-47B2-B8AF-47450FD71B08}.Debug|Any CPU.Build.0 = Debug|Any CPU
		{029B6720-CB02-47B2-B8AF-47450FD71B08}.Release|Any CPU.ActiveCfg = Release|Any CPU
		{029B6720-CB02-47B2-B8AF-47450FD71B08}.Release|Any CPU.Build.0 = Release|Any CPU
	EndGlobalSection
	GlobalSection(SolutionProperties) = preSolution
		HideSolutionNode = FALSE
	EndGlobalSection
	GlobalSection(ExtensibilityGlobals) = postSolution
		SolutionGuid = {778B781E-22B4-490E-877D-5B2A14C7D12F}
	EndGlobalSection
EndGlobal
